{
    "_readme": [
        "This file locks the dependencies of your project to a known state",
        "Read more about it at https://getcomposer.org/doc/01-basic-usage.md#installing-dependencies",
        "This file is @generated automatically"
    ],
    "content-hash": "859ab3009ddaa3a7026b0ba0db4a165d",
    "packages": [
        {
            "name": "vrpayment/sdk",
            "version": "4.8.1",
            "source": {
                "type": "git",
                "url": "https://github.com/vr-payment/php-sdk.git",
                "reference": "f71125113d712715b31f0a27969b8e3fa0d4b1c8"
            },
            "dist": {
                "type": "zip",
                "url": "https://api.github.com/repos/vr-payment/php-sdk/zipball/f71125113d712715b31f0a27969b8e3fa0d4b1c8",
                "reference": "f71125113d712715b31f0a27969b8e3fa0d4b1c8",
                "shasum": ""
            },
            "require": {
                "ext-json": "*",
                "ext-mbstring": "*",
                "php": ">=5.6"
            },
            "require-dev": {
                "phpunit/phpunit": "~8"
            },
            "type": "library",
            "autoload": {
                "psr-4": {
                    "VRPayment\\Sdk\\": "lib/"
                }
            },
            "autoload-dev": {
                "psr-4": {
                    "VRPayment\\Sdk\\": "test/"
                }
            },
            "license": [
                "Apache-2.0"
            ],
            "authors": [
                {
                    "name": "VR Payment GmbH",
                    "email": "ecommerce@vr-payment.de",
                    "homepage": "https://www.vr-payment.de/"
                }
            ],
            "description": "VRPay SDK for PHP",
            "homepage": "http://github.com/vr-payment/php-sdk",
            "keywords": [
                "api",
                "payment",
                "php",
                "sdk",
                "vrpayment"
            ],
            "support": {
                "source": "https://github.com/vr-payment/php-sdk/tree/4.8.1"
            },
            "time": "2025-10-29T13:59:04+00:00"
        }
    ],
    "packages-dev": [],
    "aliases": [],
    "minimum-stability": "stable",
    "stability-flags": {},
    "prefer-stable": false,
    "prefer-lowest": false,
    "platform": {},
    "platform-dev": {},
    "plugin-api-version": "2.6.0"
}
